{
  "version": 4,
  "terraform_version": "1.5.7",
  "serial": 106,
  "lineage": "dc858758-5993-1bd2-5aa6-e4e3ffe85818",
  "outputs": {},
  "resources": [
    {
      "mode": "data",
      "type": "google_artifact_registry_repository",
      "name": "docker_repo",
      "provider": "provider[\"registry.terraform.io/hashicorp/google\"]",
      "instances": [
        {
          "schema_version": 0,
          "attributes": {
            "cleanup_policies": [],
            "cleanup_policy_dry_run": false,
            "create_time": "2025-04-08T14:33:05.441802Z",
            "description": "",
            "docker_config": [],
            "effective_labels": {},
            "format": "DOCKER",
            "id": "projects/cloudrun-workshop-2025/locations/us-central1/repositories/docker-images",
            "kms_key_name": "",
            "labels": {},
            "location": "us-central1",
            "maven_config": [],
            "mode": "STANDARD_REPOSITORY",
            "name": "docker-images",
            "project": "cloudrun-workshop-2025",
            "remote_repository_config": [],
            "repository_id": "docker-images",
            "terraform_labels": {},
            "update_time": "2025-04-18T09:47:21.222241Z",
            "virtual_repository_config": [],
            "vulnerability_scanning_config": [
              {
                "enablement_config": "INHERITED",
                "enablement_state": "SCANNING_ACTIVE",
                "enablement_state_reason": ""
              }
            ]
          },
          "sensitive_attributes": []
        }
      ]
    },
    {
      "mode": "managed",
      "type": "google_cloud_run_service_iam_member",
      "name": "public_access",
      "provider": "provider[\"registry.terraform.io/hashicorp/google\"]",
      "instances": [
        {
          "schema_version": 0,
          "attributes": {
            "condition": [],
            "etag": "BwYzCfqn3ZE=",
            "id": "v1/projects/cloudrun-workshop-2025/locations/us-central1/services/karthick-aw/roles/run.invoker/allUsers",
            "location": "us-central1",
            "member": "allUsers",
            "project": "cloudrun-workshop-2025",
            "role": "roles/run.invoker",
            "service": "v1/projects/cloudrun-workshop-2025/locations/us-central1/services/karthick-aw"
          },
          "sensitive_attributes": [],
          "private": "bnVsbA==",
          "dependencies": [
            "data.google_artifact_registry_repository.docker_repo",
            "google_cloud_run_v2_service.default",
            "null_resource.build_and_push_image",
            "null_resource.data_dependency"
          ]
        }
      ]
    },
    {
      "mode": "managed",
      "type": "google_cloud_run_v2_service",
      "name": "default",
      "provider": "provider[\"registry.terraform.io/hashicorp/google\"]",
      "instances": [
        {
          "schema_version": 0,
          "attributes": {
            "annotations": {},
            "binary_authorization": [],
            "build_config": [],
            "client": "",
            "client_version": "",
            "conditions": [
              {
                "execution_reason": "",
                "last_transition_time": "2025-04-18T09:16:39.965613Z",
                "message": "",
                "reason": "",
                "revision_reason": "",
                "severity": "",
                "state": "CONDITION_SUCCEEDED",
                "type": "RoutesReady"
              },
              {
                "execution_reason": "",
                "last_transition_time": "2025-04-18T09:16:38.774535Z",
                "message": "",
                "reason": "",
                "revision_reason": "",
                "severity": "",
                "state": "CONDITION_SUCCEEDED",
                "type": "ConfigurationsReady"
              }
            ],
            "create_time": "2025-04-18T09:15:31.943929Z",
            "creator": "karthick.kesavan@anywhere.co",
            "custom_audiences": [],
            "delete_time": "",
            "deletion_protection": false,
            "description": "",
            "effective_annotations": {},
            "effective_labels": {
              "goog-terraform-provisioned": "true"
            },
            "etag": "\"CLOwiMAGEKjtjMID/cHJvamVjdHMvY2xvdWRydW4td29ya3Nob3AtMjAyNS9sb2NhdGlvbnMvdXMtY2VudHJhbDEvc2VydmljZXMva2FydGhpY2stYXc\"",
            "expire_time": "",
            "generation": "1",
            "id": "projects/cloudrun-workshop-2025/locations/us-central1/services/karthick-aw",
            "ingress": "INGRESS_TRAFFIC_ALL",
            "invoker_iam_disabled": false,
            "labels": {},
            "last_modifier": "karthick.kesavan@anywhere.co",
            "latest_created_revision": "projects/cloudrun-workshop-2025/locations/us-central1/services/karthick-aw/revisions/karthick-aw-00001-sbx",
            "latest_ready_revision": "projects/cloudrun-workshop-2025/locations/us-central1/services/karthick-aw/revisions/karthick-aw-00001-sbx",
            "launch_stage": "GA",
            "location": "us-central1",
            "name": "karthick-aw",
            "observed_generation": "1",
            "project": "cloudrun-workshop-2025",
            "reconciling": false,
            "scaling": [],
            "template": [
              {
                "annotations": {},
                "containers": [
                  {
                    "args": [],
                    "base_image_uri": "",
                    "build_info": [],
                    "command": [],
                    "depends_on": [],
                    "env": [],
                    "image": "us-central1-docker.pkg.dev/cloudrun-workshop-2025/docker-images/karthick-aw:v2",
                    "liveness_probe": [],
                    "name": "",
                    "ports": [
                      {
                        "container_port": 8080,
                        "name": "http1"
                      }
                    ],
                    "resources": [
                      {
                        "cpu_idle": false,
                        "limits": {
                          "cpu": "1",
                          "memory": "512Mi"
                        },
                        "startup_cpu_boost": false
                      }
                    ],
                    "startup_probe": [
                      {
                        "failure_threshold": 1,
                        "grpc": [],
                        "http_get": [],
                        "initial_delay_seconds": 0,
                        "period_seconds": 240,
                        "tcp_socket": [
                          {
                            "port": 8080
                          }
                        ],
                        "timeout_seconds": 240
                      }
                    ],
                    "volume_mounts": [],
                    "working_dir": ""
                  }
                ],
                "encryption_key": "",
                "execution_environment": "",
                "gpu_zonal_redundancy_disabled": false,
                "labels": {},
                "max_instance_request_concurrency": 80,
                "node_selector": [],
                "revision": "",
                "scaling": [
                  {
                    "max_instance_count": 100,
                    "min_instance_count": 0
                  }
                ],
                "service_account": "401553303388-compute@developer.gserviceaccount.com",
                "session_affinity": false,
                "timeout": "300s",
                "volumes": [],
                "vpc_access": []
              }
            ],
            "terminal_condition": [
              {
                "execution_reason": "",
                "last_transition_time": "2025-04-18T09:16:40.006944Z",
                "message": "",
                "reason": "",
                "revision_reason": "",
                "severity": "",
                "state": "CONDITION_SUCCEEDED",
                "type": "Ready"
              }
            ],
            "terraform_labels": {
              "goog-terraform-provisioned": "true"
            },
            "timeouts": null,
            "traffic": [
              {
                "percent": 100,
                "revision": "",
                "tag": "",
                "type": "TRAFFIC_TARGET_ALLOCATION_TYPE_LATEST"
              }
            ],
            "traffic_statuses": [
              {
                "percent": 100,
                "revision": "",
                "tag": "",
                "type": "TRAFFIC_TARGET_ALLOCATION_TYPE_LATEST",
                "uri": ""
              }
            ],
            "uid": "9e324816-db1c-4f04-b60f-df42f1ef79ee",
            "update_time": "2025-04-18T09:15:31.943929Z",
            "uri": "https://karthick-aw-pw5zi6muuq-uc.a.run.app",
            "urls": [
              "https://karthick-aw-401553303388.us-central1.run.app",
              "https://karthick-aw-pw5zi6muuq-uc.a.run.app"
            ]
          },
          "sensitive_attributes": [],
          "private": "eyJlMmJmYjczMC1lY2FhLTExZTYtOGY4OC0zNDM2M2JjN2M0YzAiOnsiY3JlYXRlIjoxMjAwMDAwMDAwMDAwLCJkZWxldGUiOjEyMDAwMDAwMDAwMDAsInVwZGF0ZSI6MTIwMDAwMDAwMDAwMH19",
          "dependencies": [
            "data.google_artifact_registry_repository.docker_repo",
            "null_resource.build_and_push_image",
            "null_resource.data_dependency"
          ]
        }
      ]
    },
    {
      "mode": "managed",
      "type": "null_resource",
      "name": "build_and_push_image",
      "provider": "provider[\"registry.terraform.io/hashicorp/null\"]",
      "instances": [
        {
          "schema_version": 0,
          "attributes": {
            "id": "1079207081884704372",
            "triggers": {
              "always_run": "2025-04-18T09:49:49Z",
              "config_version": "bc23b776044dfca21a0fac9be4c0fb55de79a77866c81197176519231994de1b",
              "script_version": "9d4370b63442927561f35e020916a250ce51b22002846ec65005f1456e8b790f"
            }
          },
          "sensitive_attributes": [],
          "dependencies": [
            "null_resource.data_dependency"
          ]
        }
      ]
    },
    {
      "mode": "managed",
      "type": "null_resource",
      "name": "data_dependency",
      "provider": "provider[\"registry.terraform.io/hashicorp/null\"]",
      "instances": [
        {
          "schema_version": 0,
          "attributes": {
            "id": "694579248984601046",
            "triggers": {
              "repository_id": "docker-images"
            }
          },
          "sensitive_attributes": [],
          "dependencies": [
            "data.google_artifact_registry_repository.docker_repo"
          ]
        }
      ]
    }
  ],
  "check_results": null
}
